
Microsoft Visual Studio Solution File, Format Version 12.00
# Visual Studio Version 16
VisualStudioVersion = 16.0.31911.196
MinimumVisualStudioVersion = 10.0.40219.1
Project("{FAE04EC0-301F-11D3-BF4B-00C04F79EFBC}") = "EjemploPostNetCore", "EjemploPostNetCore\EjemploPostNetCore.csproj", "{D31E8ACD-0078-4CF3-843C-64DA07513D12}"
EndProject
Global
	GlobalSection(SolutionConfigurationPlatforms) = preSolution
		Debug|Any CPU = Debug|Any CPU
		Release|Any CPU = Release|Any CPU
	EndGlobalSection
	GlobalSection(ProjectConfigurationPlatforms) = postSolution
		{D31E8ACD-0078-4CF3-843C-64DA07513D12}.Debug|Any CPU.ActiveCfg = Debug|Any CPU
		{D31E8ACD-0078-4CF3-843C-64DA07513D12}.Debug|Any CPU.Build.0 = Debug|Any CPU
		{D31E8ACD-0078-4CF3-843C-64DA07513D12}.Release|Any CPU.ActiveCfg = Release|Any CPU
		{D31E8ACD-0078-4CF3-843C-64DA07513D12}.Release|Any CPU.Build.0 = Release|Any CPU
	EndGlobalSection
	GlobalSection(SolutionProperties) = preSolution
		HideSolutionNode = FALSE
	EndGlobalSection
	GlobalSection(ExtensibilityGlobals) = postSolution
		SolutionGuid = {E076D964-40D1-4E68-9B37-16D3AA47EDB5}
	EndGlobalSection
EndGlobal
